
Microsoft Visual Studio Solution File, Format Version 12.00
# Visual Studio 15
VisualStudioVersion = 15.0.28307.705
MinimumVisualStudioVersion = 10.0.40219.1
Project("{FAE04EC0-301F-11D3-BF4B-00C04F79EFBC}") = "Exercise1", "WeekTwo\Exercise1.csproj", "{38EBD152-B802-49A1-8906-6B7E33345E46}"
EndProject
Project("{FAE04EC0-301F-11D3-BF4B-00C04F79EFBC}") = "Exercise2", "Exercise2\Exercise2.csproj", "{630D94E6-E9BB-479C-83E7-74481C4123FC}"
EndProject
Global
	GlobalSection(SolutionConfigurationPlatforms) = preSolution
		Debug|Any CPU = Debug|Any CPU
		Release|Any CPU = Release|Any CPU
	EndGlobalSection
	GlobalSection(ProjectConfigurationPlatforms) = postSolution
		{38EBD152-B802-49A1-8906-6B7E33345E46}.Debug|Any CPU.ActiveCfg = Debug|Any CPU
		{38EBD152-B802-49A1-8906-6B7E33345E46}.Debug|Any CPU.Build.0 = Debug|Any CPU
		{38EBD152-B802-49A1-8906-6B7E33345E46}.Release|Any CPU.ActiveCfg = Release|Any CPU
		{38EBD152-B802-49A1-8906-6B7E33345E46}.Release|Any CPU.Build.0 = Release|Any CPU
		{630D94E6-E9BB-479C-83E7-74481C4123FC}.Debug|Any CPU.ActiveCfg = Debug|Any CPU
		{630D94E6-E9BB-479C-83E7-74481C4123FC}.Debug|Any CPU.Build.0 = Debug|Any CPU
		{630D94E6-E9BB-479C-83E7-74481C4123FC}.Release|Any CPU.ActiveCfg = Release|Any CPU
		{630D94E6-E9BB-479C-83E7-74481C4123FC}.Release|Any CPU.Build.0 = Release|Any CPU
	EndGlobalSection
	GlobalSection(SolutionProperties) = preSolution
		HideSolutionNode = FALSE
	EndGlobalSection
	GlobalSection(ExtensibilityGlobals) = postSolution
		SolutionGuid = {DDE8E315-7420-4575-BD83-3DD5C464AE85}
	EndGlobalSection
EndGlobal
